// !$*UTF8*$!
{
	archiveVersion = 1;
	classes = {
	};
	objectVersion = 51;
	objects = {

/* Begin PBXBuildFile section */
		3311A3B824ADC4ED008828D2 /* SKToolsHomeTestController.swift in Sources */ = {isa = PBXBuildFile; fileRef = 3311A3B724ADC4ED008828D2 /* SKToolsHomeTestController.swift */; };
		3311A3BA24ADC603008828D2 /* SKNetworkManagerTestController.swift in Sources */ = {isa = PBXBuildFile; fileRef = 3311A3B924ADC603008828D2 /* SKNetworkManagerTestController.swift */; };
		3311A3BE24ADE5BD008828D2 /* SKSugarSwift.podspec in Resources */ = {isa = PBXBuildFile; fileRef = 3311A3BD24ADE5BD008828D2 /* SKSugarSwift.podspec */; };
		3334EB2424A88A910048CCB4 /* SKUIKitHomeTableViewController.swift in Sources */ = {isa = PBXBuildFile; fileRef = 3334EB2324A88A910048CCB4 /* SKUIKitHomeTableViewController.swift */; };
		3334EB2624A88F640048CCB4 /* SKTextFieldTestController.swift in Sources */ = {isa = PBXBuildFile; fileRef = 3334EB2524A88F640048CCB4 /* SKTextFieldTestController.swift */; };
		3334EB2924A892090048CCB4 /* UIColorExtensionTestController.swift in Sources */ = {isa = PBXBuildFile; fileRef = 3334EB2824A892090048CCB4 /* UIColorExtensionTestController.swift */; };
		3334EB2B24A896960048CCB4 /* SKSugarSwiftExampleTestController.swift in Sources */ = {isa = PBXBuildFile; fileRef = 3334EB2A24A896960048CCB4 /* SKSugarSwiftExampleTestController.swift */; };
		3334EB2D24A897170048CCB4 /* SKExtensionHomeTestController.swift in Sources */ = {isa = PBXBuildFile; fileRef = 3334EB2C24A897170048CCB4 /* SKExtensionHomeTestController.swift */; };
		3334EB3024A89C9D0048CCB4 /* BaseViewController.swift in Sources */ = {isa = PBXBuildFile; fileRef = 3334EB2F24A89C9D0048CCB4 /* BaseViewController.swift */; };
		333E421224AD7A7000A2FE99 /* UIColor+Extension.swift in Sources */ = {isa = PBXBuildFile; fileRef = 333E420924AD7A7000A2FE99 /* UIColor+Extension.swift */; };
		333E421324AD7A7000A2FE99 /* UILabel+Extension.swift in Sources */ = {isa = PBXBuildFile; fileRef = 333E420A24AD7A7000A2FE99 /* UILabel+Extension.swift */; };
		333E421424AD7A7000A2FE99 /* UIView+Extension.swift in Sources */ = {isa = PBXBuildFile; fileRef = 333E420B24AD7A7000A2FE99 /* UIView+Extension.swift */; };
		333E421524AD7A7000A2FE99 /* Bundle+Extension.swift in Sources */ = {isa = PBXBuildFile; fileRef = 333E420C24AD7A7000A2FE99 /* Bundle+Extension.swift */; };
		333E421624AD7A7000A2FE99 /* SKTextField.swift in Sources */ = {isa = PBXBuildFile; fileRef = 333E420E24AD7A7000A2FE99 /* SKTextField.swift */; };
		333E421724AD7A7000A2FE99 /* a.swift in Sources */ = {isa = PBXBuildFile; fileRef = 333E420F24AD7A7000A2FE99 /* a.swift */; };
		333E421824AD7A7000A2FE99 /* SKNetworkManager.swift in Sources */ = {isa = PBXBuildFile; fileRef = 333E421124AD7A7000A2FE99 /* SKNetworkManager.swift */; };
		333E421A24AD80A200A2FE99 /* TimeConsuming.swift in Sources */ = {isa = PBXBuildFile; fileRef = 333E421924AD80A200A2FE99 /* TimeConsuming.swift */; };
		33A7F16224B43874006431F8 /* 说明.txt in Resources */ = {isa = PBXBuildFile; fileRef = 33A7F15A24B43874006431F8 /* 说明.txt */; };
		33A7F16324B43874006431F8 /* UITextField+SKValidate.swift in Sources */ = {isa = PBXBuildFile; fileRef = 33A7F15B24B43874006431F8 /* UITextField+SKValidate.swift */; };
		33A7F16424B43874006431F8 /* String+SKValidate.swift in Sources */ = {isa = PBXBuildFile; fileRef = 33A7F15C24B43874006431F8 /* String+SKValidate.swift */; };
		33A7F16524B43874006431F8 /* EmailValidator.swift in Sources */ = {isa = PBXBuildFile; fileRef = 33A7F15E24B43874006431F8 /* EmailValidator.swift */; };
		33A7F16624B43874006431F8 /* AbstractTextValidator.swift in Sources */ = {isa = PBXBuildFile; fileRef = 33A7F15F24B43874006431F8 /* AbstractTextValidator.swift */; };
		33A7F16724B43874006431F8 /* LetterValidator.swift in Sources */ = {isa = PBXBuildFile; fileRef = 33A7F16024B43874006431F8 /* LetterValidator.swift */; };
		33A7F16824B43874006431F8 /* NumberValidator.swift in Sources */ = {isa = PBXBuildFile; fileRef = 33A7F16124B43874006431F8 /* NumberValidator.swift */; };
		33F035B924DA5C7D00B0B87C /* UITableView+Extension.swift in Sources */ = {isa = PBXBuildFile; fileRef = 33F035B824DA5C7D00B0B87C /* UITableView+Extension.swift */; };
		33F035BB24DABF6400B0B87C /* UITableViewExtensionTestController.swift in Sources */ = {isa = PBXBuildFile; fileRef = 33F035BA24DABF6400B0B87C /* UITableViewExtensionTestController.swift */; };
		33FD172A24AAF16600E11C25 /* SKTextFieldTestOCController.m in Sources */ = {isa = PBXBuildFile; fileRef = 33FD172924AAF16600E11C25 /* SKTextFieldTestOCController.m */; };
		33FEAC8B248E29D0000708BD /* AppDelegate.swift in Sources */ = {isa = PBXBuildFile; fileRef = 33FEAC8A248E29D0000708BD /* AppDelegate.swift */; };
		33FEAC8D248E29D0000708BD /* SceneDelegate.swift in Sources */ = {isa = PBXBuildFile; fileRef = 33FEAC8C248E29D0000708BD /* SceneDelegate.swift */; };
		33FEAC8F248E29D0000708BD /* ViewController.swift in Sources */ = {isa = PBXBuildFile; fileRef = 33FEAC8E248E29D0000708BD /* ViewController.swift */; };
		33FEAC92248E29D0000708BD /* Main.storyboard in Resources */ = {isa = PBXBuildFile; fileRef = 33FEAC90248E29D0000708BD /* Main.storyboard */; };
		33FEAC94248E29D1000708BD /* Assets.xcassets in Resources */ = {isa = PBXBuildFile; fileRef = 33FEAC93248E29D1000708BD /* Assets.xcassets */; };
		33FEAC97248E29D1000708BD /* LaunchScreen.storyboard in Resources */ = {isa = PBXBuildFile; fileRef = 33FEAC95248E29D1000708BD /* LaunchScreen.storyboard */; };
		33FEACA2248E29D1000708BD /* SKSugarSwiftExampleTests.swift in Sources */ = {isa = PBXBuildFile; fileRef = 33FEACA1248E29D1000708BD /* SKSugarSwiftExampleTests.swift */; };
		33FEACAD248E29D1000708BD /* SKSugarSwiftExampleUITests.swift in Sources */ = {isa = PBXBuildFile; fileRef = 33FEACAC248E29D1000708BD /* SKSugarSwiftExampleUITests.swift */; };
		439F5D0B12B9CC0010975DD5 /* Pods_SKSugarSwiftExample_SKSugarSwiftExampleUITests.framework in Frameworks */ = {isa = PBXBuildFile; fileRef = DDD6DB00197D434F42F3BAAC /* Pods_SKSugarSwiftExample_SKSugarSwiftExampleUITests.framework */; };
		584852E9DCB3A06DF540DC0C /* Pods_SKSugarSwiftExample.framework in Frameworks */ = {isa = PBXBuildFile; fileRef = E41933664749E7A9450ED264 /* Pods_SKSugarSwiftExample.framework */; };
		B1281A6BEB1D6C9CAF7BB95B /* Pods_SKSugarSwiftExampleTests.framework in Frameworks */ = {isa = PBXBuildFile; fileRef = C2B446B513CBCED9CA3CC415 /* Pods_SKSugarSwiftExampleTests.framework */; };
/* End PBXBuildFile section */

/* Begin PBXContainerItemProxy section */
		33FEAC9E248E29D1000708BD /* PBXContainerItemProxy */ = {
			isa = PBXContainerItemProxy;
			containerPortal = 33FEAC7F248E29D0000708BD /* Project object */;
			proxyType = 1;
			remoteGlobalIDString = 33FEAC86248E29D0000708BD;
			remoteInfo = SKSugarSwiftExample;
		};
		33FEACA9248E29D1000708BD /* PBXContainerItemProxy */ = {
			isa = PBXContainerItemProxy;
			containerPortal = 33FEAC7F248E29D0000708BD /* Project object */;
			proxyType = 1;
			remoteGlobalIDString = 33FEAC86248E29D0000708BD;
			remoteInfo = SKSugarSwiftExample;
		};
/* End PBXContainerItemProxy section */

/* Begin PBXFileReference section */
		3311A3B724ADC4ED008828D2 /* SKToolsHomeTestController.swift */ = {isa = PBXFileReference; lastKnownFileType = sourcecode.swift; path = SKToolsHomeTestController.swift; sourceTree = "<group>"; };
		3311A3B924ADC603008828D2 /* SKNetworkManagerTestController.swift */ = {isa = PBXFileReference; lastKnownFileType = sourcecode.swift; path = SKNetworkManagerTestController.swift; sourceTree = "<group>"; };
		3311A3BD24ADE5BD008828D2 /* SKSugarSwift.podspec */ = {isa = PBXFileReference; fileEncoding = 4; lastKnownFileType = text; name = SKSugarSwift.podspec; path = ../../SKSugarSwift.podspec; sourceTree = "<group>"; };
		3334EB2324A88A910048CCB4 /* SKUIKitHomeTableViewController.swift */ = {isa = PBXFileReference; lastKnownFileType = sourcecode.swift; path = SKUIKitHomeTableViewController.swift; sourceTree = "<group>"; };
		3334EB2524A88F640048CCB4 /* SKTextFieldTestController.swift */ = {isa = PBXFileReference; lastKnownFileType = sourcecode.swift; path = SKTextFieldTestController.swift; sourceTree = "<group>"; };
		3334EB2824A892090048CCB4 /* UIColorExtensionTestController.swift */ = {isa = PBXFileReference; lastKnownFileType = sourcecode.swift; path = UIColorExtensionTestController.swift; sourceTree = "<group>"; };
		3334EB2A24A896960048CCB4 /* SKSugarSwiftExampleTestController.swift */ = {isa = PBXFileReference; lastKnownFileType = sourcecode.swift; path = SKSugarSwiftExampleTestController.swift; sourceTree = "<group>"; };
		3334EB2C24A897170048CCB4 /* SKExtensionHomeTestController.swift */ = {isa = PBXFileReference; lastKnownFileType = sourcecode.swift; path = SKExtensionHomeTestController.swift; sourceTree = "<group>"; };
		3334EB2F24A89C9D0048CCB4 /* BaseViewController.swift */ = {isa = PBXFileReference; lastKnownFileType = sourcecode.swift; path = BaseViewController.swift; sourceTree = "<group>"; };
		333E420924AD7A7000A2FE99 /* UIColor+Extension.swift */ = {isa = PBXFileReference; fileEncoding = 4; lastKnownFileType = sourcecode.swift; path = "UIColor+Extension.swift"; sourceTree = "<group>"; };
		333E420A24AD7A7000A2FE99 /* UILabel+Extension.swift */ = {isa = PBXFileReference; fileEncoding = 4; lastKnownFileType = sourcecode.swift; path = "UILabel+Extension.swift"; sourceTree = "<group>"; };
		333E420B24AD7A7000A2FE99 /* UIView+Extension.swift */ = {isa = PBXFileReference; fileEncoding = 4; lastKnownFileType = sourcecode.swift; path = "UIView+Extension.swift"; sourceTree = "<group>"; };
		333E420C24AD7A7000A2FE99 /* Bundle+Extension.swift */ = {isa = PBXFileReference; fileEncoding = 4; lastKnownFileType = sourcecode.swift; path = "Bundle+Extension.swift"; sourceTree = "<group>"; };
		333E420E24AD7A7000A2FE99 /* SKTextField.swift */ = {isa = PBXFileReference; fileEncoding = 4; lastKnownFileType = sourcecode.swift; path = SKTextField.swift; sourceTree = "<group>"; };
		333E420F24AD7A7000A2FE99 /* a.swift */ = {isa = PBXFileReference; fileEncoding = 4; lastKnownFileType = sourcecode.swift; path = a.swift; sourceTree = "<group>"; };
		333E421124AD7A7000A2FE99 /* SKNetworkManager.swift */ = {isa = PBXFileReference; fileEncoding = 4; lastKnownFileType = sourcecode.swift; path = SKNetworkManager.swift; sourceTree = "<group>"; };
		333E421924AD80A200A2FE99 /* TimeConsuming.swift */ = {isa = PBXFileReference; lastKnownFileType = sourcecode.swift; path = TimeConsuming.swift; sourceTree = "<group>"; };
		33A7F15A24B43874006431F8 /* 说明.txt */ = {isa = PBXFileReference; fileEncoding = 4; lastKnownFileType = text; path = "说明.txt"; sourceTree = "<group>"; };
		33A7F15B24B43874006431F8 /* UITextField+SKValidate.swift */ = {isa = PBXFileReference; fileEncoding = 4; lastKnownFileType = sourcecode.swift; path = "UITextField+SKValidate.swift"; sourceTree = "<group>"; };
		33A7F15C24B43874006431F8 /* String+SKValidate.swift */ = {isa = PBXFileReference; fileEncoding = 4; lastKnownFileType = sourcecode.swift; path = "String+SKValidate.swift"; sourceTree = "<group>"; };
		33A7F15E24B43874006431F8 /* EmailValidator.swift */ = {isa = PBXFileReference; fileEncoding = 4; lastKnownFileType = sourcecode.swift; path = EmailValidator.swift; sourceTree = "<group>"; };
		33A7F15F24B43874006431F8 /* AbstractTextValidator.swift */ = {isa = PBXFileReference; fileEncoding = 4; lastKnownFileType = sourcecode.swift; path = AbstractTextValidator.swift; sourceTree = "<group>"; };
		33A7F16024B43874006431F8 /* LetterValidator.swift */ = {isa = PBXFileReference; fileEncoding = 4; lastKnownFileType = sourcecode.swift; path = LetterValidator.swift; sourceTree = "<group>"; };
		33A7F16124B43874006431F8 /* NumberValidator.swift */ = {isa = PBXFileReference; fileEncoding = 4; lastKnownFileType = sourcecode.swift; path = NumberValidator.swift; sourceTree = "<group>"; };
		33F035B824DA5C7D00B0B87C /* UITableView+Extension.swift */ = {isa = PBXFileReference; lastKnownFileType = sourcecode.swift; path = "UITableView+Extension.swift"; sourceTree = "<group>"; };
		33F035BA24DABF6400B0B87C /* UITableViewExtensionTestController.swift */ = {isa = PBXFileReference; lastKnownFileType = sourcecode.swift; path = UITableViewExtensionTestController.swift; sourceTree = "<group>"; };
		33FD172724AAF16500E11C25 /* SKSugarSwiftExample-Bridging-Header.h */ = {isa = PBXFileReference; lastKnownFileType = sourcecode.c.h; path = "SKSugarSwiftExample-Bridging-Header.h"; sourceTree = "<group>"; };
		33FD172824AAF16600E11C25 /* SKTextFieldTestOCController.h */ = {isa = PBXFileReference; lastKnownFileType = sourcecode.c.h; path = SKTextFieldTestOCController.h; sourceTree = "<group>"; };
		33FD172924AAF16600E11C25 /* SKTextFieldTestOCController.m */ = {isa = PBXFileReference; lastKnownFileType = sourcecode.c.objc; path = SKTextFieldTestOCController.m; sourceTree = "<group>"; };
		33FEAC87248E29D0000708BD /* SKSugarSwiftExample.app */ = {isa = PBXFileReference; explicitFileType = wrapper.application; includeInIndex = 0; path = SKSugarSwiftExample.app; sourceTree = BUILT_PRODUCTS_DIR; };
		33FEAC8A248E29D0000708BD /* AppDelegate.swift */ = {isa = PBXFileReference; lastKnownFileType = sourcecode.swift; path = AppDelegate.swift; sourceTree = "<group>"; };
		33FEAC8C248E29D0000708BD /* SceneDelegate.swift */ = {isa = PBXFileReference; lastKnownFileType = sourcecode.swift; path = SceneDelegate.swift; sourceTree = "<group>"; };
		33FEAC8E248E29D0000708BD /* ViewController.swift */ = {isa = PBXFileReference; lastKnownFileType = sourcecode.swift; path = ViewController.swift; sourceTree = "<group>"; };
		33FEAC91248E29D0000708BD /* Base */ = {isa = PBXFileReference; lastKnownFileType = file.storyboard; name = Base; path = Base.lproj/Main.storyboard; sourceTree = "<group>"; };
		33FEAC93248E29D1000708BD /* Assets.xcassets */ = {isa = PBXFileReference; lastKnownFileType = folder.assetcatalog; path = Assets.xcassets; sourceTree = "<group>"; };
		33FEAC96248E29D1000708BD /* Base */ = {isa = PBXFileReference; lastKnownFileType = file.storyboard; name = Base; path = Base.lproj/LaunchScreen.storyboard; sourceTree = "<group>"; };
		33FEAC98248E29D1000708BD /* Info.plist */ = {isa = PBXFileReference; lastKnownFileType = text.plist.xml; path = Info.plist; sourceTree = "<group>"; };
		33FEAC9D248E29D1000708BD /* SKSugarSwiftExampleTests.xctest */ = {isa = PBXFileReference; explicitFileType = wrapper.cfbundle; includeInIndex = 0; path = SKSugarSwiftExampleTests.xctest; sourceTree = BUILT_PRODUCTS_DIR; };
		33FEACA1248E29D1000708BD /* SKSugarSwiftExampleTests.swift */ = {isa = PBXFileReference; lastKnownFileType = sourcecode.swift; path = SKSugarSwiftExampleTests.swift; sourceTree = "<group>"; };
		33FEACA3248E29D1000708BD /* Info.plist */ = {isa = PBXFileReference; lastKnownFileType = text.plist.xml; path = Info.plist; sourceTree = "<group>"; };
		33FEACA8248E29D1000708BD /* SKSugarSwiftExampleUITests.xctest */ = {isa = PBXFileReference; explicitFileType = wrapper.cfbundle; includeInIndex = 0; path = SKSugarSwiftExampleUITests.xctest; sourceTree = BUILT_PRODUCTS_DIR; };
		33FEACAC248E29D1000708BD /* SKSugarSwiftExampleUITests.swift */ = {isa = PBXFileReference; lastKnownFileType = sourcecode.swift; path = SKSugarSwiftExampleUITests.swift; sourceTree = "<group>"; };
		33FEACAE248E29D1000708BD /* Info.plist */ = {isa = PBXFileReference; lastKnownFileType = text.plist.xml; path = Info.plist; sourceTree = "<group>"; };
		885C4C8B9DC0BD05D1404D8C /* Pods-SKSugarSwiftExampleTests.release.xcconfig */ = {isa = PBXFileReference; includeInIndex = 1; lastKnownFileType = text.xcconfig; name = "Pods-SKSugarSwiftExampleTests.release.xcconfig"; path = "Target Support Files/Pods-SKSugarSwiftExampleTests/Pods-SKSugarSwiftExampleTests.release.xcconfig"; sourceTree = "<group>"; };
		C2B446B513CBCED9CA3CC415 /* Pods_SKSugarSwiftExampleTests.framework */ = {isa = PBXFileReference; explicitFileType = wrapper.framework; includeInIndex = 0; path = Pods_SKSugarSwiftExampleTests.framework; sourceTree = BUILT_PRODUCTS_DIR; };
		DDD6DB00197D434F42F3BAAC /* Pods_SKSugarSwiftExample_SKSugarSwiftExampleUITests.framework */ = {isa = PBXFileReference; explicitFileType = wrapper.framework; includeInIndex = 0; path = Pods_SKSugarSwiftExample_SKSugarSwiftExampleUITests.framework; sourceTree = BUILT_PRODUCTS_DIR; };
		E41933664749E7A9450ED264 /* Pods_SKSugarSwiftExample.framework */ = {isa = PBXFileReference; explicitFileType = wrapper.framework; includeInIndex = 0; path = Pods_SKSugarSwiftExample.framework; sourceTree = BUILT_PRODUCTS_DIR; };
		E85BCBEC241B017BC806B8E5 /* Pods-SKSugarSwiftExample.release.xcconfig */ = {isa = PBXFileReference; includeInIndex = 1; lastKnownFileType = text.xcconfig; name = "Pods-SKSugarSwiftExample.release.xcconfig"; path = "Target Support Files/Pods-SKSugarSwiftExample/Pods-SKSugarSwiftExample.release.xcconfig"; sourceTree = "<group>"; };
		F0698CBF79B16322546282DC /* Pods-SKSugarSwiftExample-SKSugarSwiftExampleUITests.debug.xcconfig */ = {isa = PBXFileReference; includeInIndex = 1; lastKnownFileType = text.xcconfig; name = "Pods-SKSugarSwiftExample-SKSugarSwiftExampleUITests.debug.xcconfig"; path = "Target Support Files/Pods-SKSugarSwiftExample-SKSugarSwiftExampleUITests/Pods-SKSugarSwiftExample-SKSugarSwiftExampleUITests.debug.xcconfig"; sourceTree = "<group>"; };
		F90C38109189B7646B53FB6A /* Pods-SKSugarSwiftExample.debug.xcconfig */ = {isa = PBXFileReference; includeInIndex = 1; lastKnownFileType = text.xcconfig; name = "Pods-SKSugarSwiftExample.debug.xcconfig"; path = "Target Support Files/Pods-SKSugarSwiftExample/Pods-SKSugarSwiftExample.debug.xcconfig"; sourceTree = "<group>"; };
		F9A9A38DBE200E11EC9A735A /* Pods-SKSugarSwiftExample-SKSugarSwiftExampleUITests.release.xcconfig */ = {isa = PBXFileReference; includeInIndex = 1; lastKnownFileType = text.xcconfig; name = "Pods-SKSugarSwiftExample-SKSugarSwiftExampleUITests.release.xcconfig"; path = "Target Support Files/Pods-SKSugarSwiftExample-SKSugarSwiftExampleUITests/Pods-SKSugarSwiftExample-SKSugarSwiftExampleUITests.release.xcconfig"; sourceTree = "<group>"; };
		FBC4F4DF7213B1671499968D /* Pods-SKSugarSwiftExampleTests.debug.xcconfig */ = {isa = PBXFileReference; includeInIndex = 1; lastKnownFileType = text.xcconfig; name = "Pods-SKSugarSwiftExampleTests.debug.xcconfig"; path = "Target Support Files/Pods-SKSugarSwiftExampleTests/Pods-SKSugarSwiftExampleTests.debug.xcconfig"; sourceTree = "<group>"; };
/* End PBXFileReference section */

/* Begin PBXFrameworksBuildPhase section */
		33FEAC84248E29D0000708BD /* Frameworks */ = {
			isa = PBXFrameworksBuildPhase;
			buildActionMask = 2147483647;
			files = (
				584852E9DCB3A06DF540DC0C /* Pods_SKSugarSwiftExample.framework in Frameworks */,
			);
			runOnlyForDeploymentPostprocessing = 0;
		};
		33FEAC9A248E29D1000708BD /* Frameworks */ = {
			isa = PBXFrameworksBuildPhase;
			buildActionMask = 2147483647;
			files = (
				B1281A6BEB1D6C9CAF7BB95B /* Pods_SKSugarSwiftExampleTests.framework in Frameworks */,
			);
			runOnlyForDeploymentPostprocessing = 0;
		};
		33FEACA5248E29D1000708BD /* Frameworks */ = {
			isa = PBXFrameworksBuildPhase;
			buildActionMask = 2147483647;
			files = (
				439F5D0B12B9CC0010975DD5 /* Pods_SKSugarSwiftExample_SKSugarSwiftExampleUITests.framework in Frameworks */,
			);
			runOnlyForDeploymentPostprocessing = 0;
		};
/* End PBXFrameworksBuildPhase section */

/* Begin PBXGroup section */
		3311A3B624ADC49E008828D2 /* ToolTest */ = {
			isa = PBXGroup;
			children = (
				3311A3B724ADC4ED008828D2 /* SKToolsHomeTestController.swift */,
				3311A3B924ADC603008828D2 /* SKNetworkManagerTestController.swift */,
			);
			path = ToolTest;
			sourceTree = "<group>";
		};
		3334EB2224A889F90048CCB4 /* SK_UIKitTest */ = {
			isa = PBXGroup;
			children = (
				3334EB2324A88A910048CCB4 /* SKUIKitHomeTableViewController.swift */,
				3334EB2524A88F640048CCB4 /* SKTextFieldTestController.swift */,
				33FD172824AAF16600E11C25 /* SKTextFieldTestOCController.h */,
				33FD172924AAF16600E11C25 /* SKTextFieldTestOCController.m */,
			);
			path = SK_UIKitTest;
			sourceTree = "<group>";
		};
		3334EB2724A891DC0048CCB4 /* SKExtensionTest */ = {
			isa = PBXGroup;
			children = (
				3334EB2C24A897170048CCB4 /* SKExtensionHomeTestController.swift */,
				3334EB2824A892090048CCB4 /* UIColorExtensionTestController.swift */,
				33F035BA24DABF6400B0B87C /* UITableViewExtensionTestController.swift */,
			);
			path = SKExtensionTest;
			sourceTree = "<group>";
		};
		3334EB2E24A89C910048CCB4 /* SKBase */ = {
			isa = PBXGroup;
			children = (
				3334EB2F24A89C9D0048CCB4 /* BaseViewController.swift */,
			);
			path = SKBase;
			sourceTree = "<group>";
		};
		333E420724AD7A7000A2FE99 /* Classes */ = {
			isa = PBXGroup;
			children = (
				333E420F24AD7A7000A2FE99 /* a.swift */,
				333E420824AD7A7000A2FE99 /* SKExtension */,
				333E420D24AD7A7000A2FE99 /* UIKit */,
				333E421024AD7A7000A2FE99 /* Tool */,
				33A7F14824B43808006431F8 /* Util */,
			);
			name = Classes;
			path = ../../Classes;
			sourceTree = "<group>";
		};
		333E420824AD7A7000A2FE99 /* SKExtension */ = {
			isa = PBXGroup;
			children = (
				333E420924AD7A7000A2FE99 /* UIColor+Extension.swift */,
				333E420A24AD7A7000A2FE99 /* UILabel+Extension.swift */,
				333E420B24AD7A7000A2FE99 /* UIView+Extension.swift */,
				333E420C24AD7A7000A2FE99 /* Bundle+Extension.swift */,
				33F035B824DA5C7D00B0B87C /* UITableView+Extension.swift */,
			);
			path = SKExtension;
			sourceTree = "<group>";
		};
		333E420D24AD7A7000A2FE99 /* UIKit */ = {
			isa = PBXGroup;
			children = (
				333E420E24AD7A7000A2FE99 /* SKTextField.swift */,
			);
			path = UIKit;
			sourceTree = "<group>";
		};
		333E421024AD7A7000A2FE99 /* Tool */ = {
			isa = PBXGroup;
			children = (
				333E421124AD7A7000A2FE99 /* SKNetworkManager.swift */,
				333E421924AD80A200A2FE99 /* TimeConsuming.swift */,
			);
			path = Tool;
			sourceTree = "<group>";
		};
		33A7F14824B43808006431F8 /* Util */ = {
			isa = PBXGroup;
			children = (
				33A7F15924B43874006431F8 /* TextValidator */,
			);
			path = Util;
			sourceTree = "<group>";
		};
		33A7F15924B43874006431F8 /* TextValidator */ = {
			isa = PBXGroup;
			children = (
				33A7F15A24B43874006431F8 /* 说明.txt */,
				33A7F15B24B43874006431F8 /* UITextField+SKValidate.swift */,
				33A7F15C24B43874006431F8 /* String+SKValidate.swift */,
				33A7F15D24B43874006431F8 /* Strategy */,
			);
			path = TextValidator;
			sourceTree = "<group>";
		};
		33A7F15D24B43874006431F8 /* Strategy */ = {
			isa = PBXGroup;
			children = (
				33A7F15F24B43874006431F8 /* AbstractTextValidator.swift */,
				33A7F16124B43874006431F8 /* NumberValidator.swift */,
				33A7F16024B43874006431F8 /* LetterValidator.swift */,
				33A7F15E24B43874006431F8 /* EmailValidator.swift */,
			);
			path = Strategy;
			sourceTree = "<group>";
		};
		33FEAC7E248E29D0000708BD = {
			isa = PBXGroup;
			children = (
				3311A3BD24ADE5BD008828D2 /* SKSugarSwift.podspec */,
				333E420724AD7A7000A2FE99 /* Classes */,
				33FEAC89248E29D0000708BD /* SKSugarSwiftExample */,
				33FEACA0248E29D1000708BD /* SKSugarSwiftExampleTests */,
				33FEACAB248E29D1000708BD /* SKSugarSwiftExampleUITests */,
				33FEAC88248E29D0000708BD /* Products */,
				4D30B65914D15E246C87E378 /* Pods */,
				92849BA2D9B27CD8A13CDDC1 /* Frameworks */,
			);
			sourceTree = "<group>";
		};
		33FEAC88248E29D0000708BD /* Products */ = {
			isa = PBXGroup;
			children = (
				33FEAC87248E29D0000708BD /* SKSugarSwiftExample.app */,
				33FEAC9D248E29D1000708BD /* SKSugarSwiftExampleTests.xctest */,
				33FEACA8248E29D1000708BD /* SKSugarSwiftExampleUITests.xctest */,
			);
			name = Products;
			sourceTree = "<group>";
		};
		33FEAC89248E29D0000708BD /* SKSugarSwiftExample */ = {
			isa = PBXGroup;
			children = (
				3334EB2E24A89C910048CCB4 /* SKBase */,
				3334EB2224A889F90048CCB4 /* SK_UIKitTest */,
				3334EB2724A891DC0048CCB4 /* SKExtensionTest */,
				3311A3B624ADC49E008828D2 /* ToolTest */,
				33FEAC8A248E29D0000708BD /* AppDelegate.swift */,
				33FEAC8C248E29D0000708BD /* SceneDelegate.swift */,
				33FEAC8E248E29D0000708BD /* ViewController.swift */,
				3334EB2A24A896960048CCB4 /* SKSugarSwiftExampleTestController.swift */,
				33FEAC90248E29D0000708BD /* Main.storyboard */,
				33FEAC93248E29D1000708BD /* Assets.xcassets */,
				33FEAC95248E29D1000708BD /* LaunchScreen.storyboard */,
				33FEAC98248E29D1000708BD /* Info.plist */,
				33FD172724AAF16500E11C25 /* SKSugarSwiftExample-Bridging-Header.h */,
			);
			path = SKSugarSwiftExample;
			sourceTree = "<group>";
		};
		33FEACA0248E29D1000708BD /* SKSugarSwiftExampleTests */ = {
			isa = PBXGroup;
			children = (
				33FEACA1248E29D1000708BD /* SKSugarSwiftExampleTests.swift */,
				33FEACA3248E29D1000708BD /* Info.plist */,
			);
			path = SKSugarSwiftExampleTests;
			sourceTree = "<group>";
		};
		33FEACAB248E29D1000708BD /* SKSugarSwiftExampleUITests */ = {
			isa = PBXGroup;
			children = (
				33FEACAC248E29D1000708BD /* SKSugarSwiftExampleUITests.swift */,
				33FEACAE248E29D1000708BD /* Info.plist */,
			);
			path = SKSugarSwiftExampleUITests;
			sourceTree = "<group>";
		};
		4D30B65914D15E246C87E378 /* Pods */ = {
			isa = PBXGroup;
			children = (
				F90C38109189B7646B53FB6A /* Pods-SKSugarSwiftExample.debug.xcconfig */,
				E85BCBEC241B017BC806B8E5 /* Pods-SKSugarSwiftExample.release.xcconfig */,
				F0698CBF79B16322546282DC /* Pods-SKSugarSwiftExample-SKSugarSwiftExampleUITests.debug.xcconfig */,
				F9A9A38DBE200E11EC9A735A /* Pods-SKSugarSwiftExample-SKSugarSwiftExampleUITests.release.xcconfig */,
				FBC4F4DF7213B1671499968D /* Pods-SKSugarSwiftExampleTests.debug.xcconfig */,
				885C4C8B9DC0BD05D1404D8C /* Pods-SKSugarSwiftExampleTests.release.xcconfig */,
			);
			path = Pods;
			sourceTree = "<group>";
		};
		92849BA2D9B27CD8A13CDDC1 /* Frameworks */ = {
			isa = PBXGroup;
			children = (
				E41933664749E7A9450ED264 /* Pods_SKSugarSwiftExample.framework */,
				DDD6DB00197D434F42F3BAAC /* Pods_SKSugarSwiftExample_SKSugarSwiftExampleUITests.framework */,
				C2B446B513CBCED9CA3CC415 /* Pods_SKSugarSwiftExampleTests.framework */,
			);
			name = Frameworks;
			sourceTree = "<group>";
		};
/* End PBXGroup section */

/* Begin PBXNativeTarget section */
		33FEAC86248E29D0000708BD /* SKSugarSwiftExample */ = {
			isa = PBXNativeTarget;
			buildConfigurationList = 33FEACB1248E29D1000708BD /* Build configuration list for PBXNativeTarget "SKSugarSwiftExample" */;
			buildPhases = (
				B5827296090EC132CE431C9E /* [CP] Check Pods Manifest.lock */,
				33FEAC83248E29D0000708BD /* Sources */,
				33FEAC84248E29D0000708BD /* Frameworks */,
				33FEAC85248E29D0000708BD /* Resources */,
				5EB88D013AE317781C99BAC2 /* [CP] Embed Pods Frameworks */,
			);
			buildRules = (
			);
			dependencies = (
			);
			name = SKSugarSwiftExample;
			productName = SKSugarSwiftExample;
			productReference = 33FEAC87248E29D0000708BD /* SKSugarSwiftExample.app */;
			productType = "com.apple.product-type.application";
		};
		33FEAC9C248E29D1000708BD /* SKSugarSwiftExampleTests */ = {
			isa = PBXNativeTarget;
			buildConfigurationList = 33FEACB4248E29D1000708BD /* Build configuration list for PBXNativeTarget "SKSugarSwiftExampleTests" */;
			buildPhases = (
				B0FF64EAF611DD81EB785CF5 /* [CP] Check Pods Manifest.lock */,
				33FEAC99248E29D1000708BD /* Sources */,
				33FEAC9A248E29D1000708BD /* Frameworks */,
				33FEAC9B248E29D1000708BD /* Resources */,
			);
			buildRules = (
			);
			dependencies = (
				33FEAC9F248E29D1000708BD /* PBXTargetDependency */,
			);
			name = SKSugarSwiftExampleTests;
			productName = SKSugarSwiftExampleTests;
			productReference = 33FEAC9D248E29D1000708BD /* SKSugarSwiftExampleTests.xctest */;
			productType = "com.apple.product-type.bundle.unit-test";
		};
		33FEACA7248E29D1000708BD /* SKSugarSwiftExampleUITests */ = {
			isa = PBXNativeTarget;
			buildConfigurationList = 33FEACB7248E29D1000708BD /* Build configuration list for PBXNativeTarget "SKSugarSwiftExampleUITests" */;
			buildPhases = (
				A2BC1674578BA10448C46F3F /* [CP] Check Pods Manifest.lock */,
				33FEACA4248E29D1000708BD /* Sources */,
				33FEACA5248E29D1000708BD /* Frameworks */,
				33FEACA6248E29D1000708BD /* Resources */,
				D2F15A66C0BAD90EDD534AF9 /* [CP] Embed Pods Frameworks */,
			);
			buildRules = (
			);
			dependencies = (
				33FEACAA248E29D1000708BD /* PBXTargetDependency */,
			);
			name = SKSugarSwiftExampleUITests;
			productName = SKSugarSwiftExampleUITests;
			productReference = 33FEACA8248E29D1000708BD /* SKSugarSwiftExampleUITests.xctest */;
			productType = "com.apple.product-type.bundle.ui-testing";
		};
/* End PBXNativeTarget section */

/* Begin PBXProject section */
		33FEAC7F248E29D0000708BD /* Project object */ = {
			isa = PBXProject;
			attributes = {
				LastSwiftUpdateCheck = 1150;
				LastUpgradeCheck = 1150;
				ORGANIZATIONNAME = Sky;
				TargetAttributes = {
					33FEAC86248E29D0000708BD = {
						CreatedOnToolsVersion = 11.5;
						LastSwiftMigration = 1150;
					};
					33FEAC9C248E29D1000708BD = {
						CreatedOnToolsVersion = 11.5;
						TestTargetID = 33FEAC86248E29D0000708BD;
					};
					33FEACA7248E29D1000708BD = {
						CreatedOnToolsVersion = 11.5;
						TestTargetID = 33FEAC86248E29D0000708BD;
					};
				};
			};
			buildConfigurationList = 33FEAC82248E29D0000708BD /* Build configuration list for PBXProject "SKSugarSwiftExample" */;
			compatibilityVersion = "Xcode 9.3";
			developmentRegion = en;
			hasScannedForEncodings = 0;
			knownRegions = (
				en,
				Base,
			);
			mainGroup = 33FEAC7E248E29D0000708BD;
			productRefGroup = 33FEAC88248E29D0000708BD /* Products */;
			projectDirPath = "";
			projectRoot = "";
			targets = (
				33FEAC86248E29D0000708BD /* SKSugarSwiftExample */,
				33FEAC9C248E29D1000708BD /* SKSugarSwiftExampleTests */,
				33FEACA7248E29D1000708BD /* SKSugarSwiftExampleUITests */,
			);
		};
/* End PBXProject section */

/* Begin PBXResourcesBuildPhase section */
		33FEAC85248E29D0000708BD /* Resources */ = {
			isa = PBXResourcesBuildPhase;
			buildActionMask = 2147483647;
			files = (
				33A7F16224B43874006431F8 /* 说明.txt in Resources */,
				33FEAC97248E29D1000708BD /* LaunchScreen.storyboard in Resources */,
				3311A3BE24ADE5BD008828D2 /* SKSugarSwift.podspec in Resources */,
				33FEAC94248E29D1000708BD /* Assets.xcassets in Resources */,
				33FEAC92248E29D0000708BD /* Main.storyboard in Resources */,
			);
			runOnlyForDeploymentPostprocessing = 0;
		};
		33FEAC9B248E29D1000708BD /* Resources */ = {
			isa = PBXResourcesBuildPhase;
			buildActionMask = 2147483647;
			files = (
			);
			runOnlyForDeploymentPostprocessing = 0;
		};
		33FEACA6248E29D1000708BD /* Resources */ = {
			isa = PBXResourcesBuildPhase;
			buildActionMask = 2147483647;
			files = (
			);
			runOnlyForDeploymentPostprocessing = 0;
		};
/* End PBXResourcesBuildPhase section */

/* Begin PBXShellScriptBuildPhase section */
		5EB88D013AE317781C99BAC2 /* [CP] Embed Pods Frameworks */ = {
			isa = PBXShellScriptBuildPhase;
			buildActionMask = 2147483647;
			files = (
			);
			inputFileListPaths = (
				"${PODS_ROOT}/Target Support Files/Pods-SKSugarSwiftExample/Pods-SKSugarSwiftExample-frameworks-${CONFIGURATION}-input-files.xcfilelist",
			);
			name = "[CP] Embed Pods Frameworks";
			outputFileListPaths = (
				"${PODS_ROOT}/Target Support Files/Pods-SKSugarSwiftExample/Pods-SKSugarSwiftExample-frameworks-${CONFIGURATION}-output-files.xcfilelist",
			);
			runOnlyForDeploymentPostprocessing = 0;
			shellPath = /bin/sh;
			shellScript = "\"${PODS_ROOT}/Target Support Files/Pods-SKSugarSwiftExample/Pods-SKSugarSwiftExample-frameworks.sh\"\n";
			showEnvVarsInLog = 0;
		};
		A2BC1674578BA10448C46F3F /* [CP] Check Pods Manifest.lock */ = {
			isa = PBXShellScriptBuildPhase;
			buildActionMask = 2147483647;
			files = (
			);
			inputFileListPaths = (
			);
			inputPaths = (
				"${PODS_PODFILE_DIR_PATH}/Podfile.lock",
				"${PODS_ROOT}/Manifest.lock",
			);
			name = "[CP] Check Pods Manifest.lock";
			outputFileListPaths = (
			);
			outputPaths = (
				"$(DERIVED_FILE_DIR)/Pods-SKSugarSwiftExample-SKSugarSwiftExampleUITests-checkManifestLockResult.txt",
			);
			runOnlyForDeploymentPostprocessing = 0;
			shellPath = /bin/sh;
			shellScript = "diff \"${PODS_PODFILE_DIR_PATH}/Podfile.lock\" \"${PODS_ROOT}/Manifest.lock\" > /dev/null\nif [ $? != 0 ] ; then\n    # print error to STDERR\n    echo \"error: The sandbox is not in sync with the Podfile.lock. Run 'pod install' or update your CocoaPods installation.\" >&2\n    exit 1\nfi\n# This output is used by Xcode 'outputs' to avoid re-running this script phase.\necho \"SUCCESS\" > \"${SCRIPT_OUTPUT_FILE_0}\"\n";
			showEnvVarsInLog = 0;
		};
		B0FF64EAF611DD81EB785CF5 /* [CP] Check Pods Manifest.lock */ = {
			isa = PBXShellScriptBuildPhase;
			buildActionMask = 2147483647;
			files = (
			);
			inputFileListPaths = (
			);
			inputPaths = (
				"${PODS_PODFILE_DIR_PATH}/Podfile.lock",
				"${PODS_ROOT}/Manifest.lock",
			);
			name = "[CP] Check Pods Manifest.lock";
			outputFileListPaths = (
			);
			outputPaths = (
				"$(DERIVED_FILE_DIR)/Pods-SKSugarSwiftExampleTests-checkManifestLockResult.txt",
			);
			runOnlyForDeploymentPostprocessing = 0;
			shellPath = /bin/sh;
			shellScript = "diff \"${PODS_PODFILE_DIR_PATH}/Podfile.lock\" \"${PODS_ROOT}/Manifest.lock\" > /dev/null\nif [ $? != 0 ] ; then\n    # print error to STDERR\n    echo \"error: The sandbox is not in sync with the Podfile.lock. Run 'pod install' or update your CocoaPods installation.\" >&2\n    exit 1\nfi\n# This output is used by Xcode 'outputs' to avoid re-running this script phase.\necho \"SUCCESS\" > \"${SCRIPT_OUTPUT_FILE_0}\"\n";
			showEnvVarsInLog = 0;
		};
		B5827296090EC132CE431C9E /* [CP] Check Pods Manifest.lock */ = {
			isa = PBXShellScriptBuildPhase;
			buildActionMask = 2147483647;
			files = (
			);
			inputFileListPaths = (
			);
			inputPaths = (
				"${PODS_PODFILE_DIR_PATH}/Podfile.lock",
				"${PODS_ROOT}/Manifest.lock",
			);
			name = "[CP] Check Pods Manifest.lock";
			outputFileListPaths = (
			);
			outputPaths = (
				"$(DERIVED_FILE_DIR)/Pods-SKSugarSwiftExample-checkManifestLockResult.txt",
			);
			runOnlyForDeploymentPostprocessing = 0;
			shellPath = /bin/sh;
			shellScript = "diff \"${PODS_PODFILE_DIR_PATH}/Podfile.lock\" \"${PODS_ROOT}/Manifest.lock\" > /dev/null\nif [ $? != 0 ] ; then\n    # print error to STDERR\n    echo \"error: The sandbox is not in sync with the Podfile.lock. Run 'pod install' or update your CocoaPods installation.\" >&2\n    exit 1\nfi\n# This output is used by Xcode 'outputs' to avoid re-running this script phase.\necho \"SUCCESS\" > \"${SCRIPT_OUTPUT_FILE_0}\"\n";
			showEnvVarsInLog = 0;
		};
		D2F15A66C0BAD90EDD534AF9 /* [CP] Embed Pods Frameworks */ = {
			isa = PBXShellScriptBuildPhase;
			buildActionMask = 2147483647;
			files = (
			);
			inputFileListPaths = (
				"${PODS_ROOT}/Target Support Files/Pods-SKSugarSwiftExample-SKSugarSwiftExampleUITests/Pods-SKSugarSwiftExample-SKSugarSwiftExampleUITests-frameworks-${CONFIGURATION}-input-files.xcfilelist",
			);
			name = "[CP] Embed Pods Frameworks";
			outputFileListPaths = (
				"${PODS_ROOT}/Target Support Files/Pods-SKSugarSwiftExample-SKSugarSwiftExampleUITests/Pods-SKSugarSwiftExample-SKSugarSwiftExampleUITests-frameworks-${CONFIGURATION}-output-files.xcfilelist",
			);
			runOnlyForDeploymentPostprocessing = 0;
			shellPath = /bin/sh;
			shellScript = "\"${PODS_ROOT}/Target Support Files/Pods-SKSugarSwiftExample-SKSugarSwiftExampleUITests/Pods-SKSugarSwiftExample-SKSugarSwiftExampleUITests-frameworks.sh\"\n";
			showEnvVarsInLog = 0;
		};
/* End PBXShellScriptBuildPhase section */

/* Begin PBXSourcesBuildPhase section */
		33FEAC83248E29D0000708BD /* Sources */ = {
			isa = PBXSourcesBuildPhase;
			buildActionMask = 2147483647;
			files = (
				333E421A24AD80A200A2FE99 /* TimeConsuming.swift in Sources */,
				3334EB2924A892090048CCB4 /* UIColorExtensionTestController.swift in Sources */,
				33A7F16424B43874006431F8 /* String+SKValidate.swift in Sources */,
				333E421824AD7A7000A2FE99 /* SKNetworkManager.swift in Sources */,
				333E421524AD7A7000A2FE99 /* Bundle+Extension.swift in Sources */,
				33A7F16324B43874006431F8 /* UITextField+SKValidate.swift in Sources */,
				333E421624AD7A7000A2FE99 /* SKTextField.swift in Sources */,
				333E421724AD7A7000A2FE99 /* a.swift in Sources */,
				3311A3BA24ADC603008828D2 /* SKNetworkManagerTestController.swift in Sources */,
				333E421424AD7A7000A2FE99 /* UIView+Extension.swift in Sources */,
				33F035BB24DABF6400B0B87C /* UITableViewExtensionTestController.swift in Sources */,
				3334EB2D24A897170048CCB4 /* SKExtensionHomeTestController.swift in Sources */,
				33F035B924DA5C7D00B0B87C /* UITableView+Extension.swift in Sources */,
				33FD172A24AAF16600E11C25 /* SKTextFieldTestOCController.m in Sources */,
				333E421224AD7A7000A2FE99 /* UIColor+Extension.swift in Sources */,
				3334EB3024A89C9D0048CCB4 /* BaseViewController.swift in Sources */,
				3334EB2B24A896960048CCB4 /* SKSugarSwiftExampleTestController.swift in Sources */,
				33FEAC8F248E29D0000708BD /* ViewController.swift in Sources */,
				33A7F16524B43874006431F8 /* EmailValidator.swift in Sources */,
				3334EB2424A88A910048CCB4 /* SKUIKitHomeTableViewController.swift in Sources */,
				333E421324AD7A7000A2FE99 /* UILabel+Extension.swift in Sources */,
				33A7F16824B43874006431F8 /* NumberValidator.swift in Sources */,
				33FEAC8B248E29D0000708BD /* AppDelegate.swift in Sources */,
				33FEAC8D248E29D0000708BD /* SceneDelegate.swift in Sources */,
				33A7F16624B43874006431F8 /* AbstractTextValidator.swift in Sources */,
				33A7F16724B43874006431F8 /* LetterValidator.swift in Sources */,
				3311A3B824ADC4ED008828D2 /* SKToolsHomeTestController.swift in Sources */,
				3334EB2624A88F640048CCB4 /* SKTextFieldTestController.swift in Sources */,
			);
			runOnlyForDeploymentPostprocessing = 0;
		};
		33FEAC99248E29D1000708BD /* Sources */ = {
			isa = PBXSourcesBuildPhase;
			buildActionMask = 2147483647;
			files = (
				33FEACA2248E29D1000708BD /* SKSugarSwiftExampleTests.swift in Sources */,
			);
			runOnlyForDeploymentPostprocessing = 0;
		};
		33FEACA4248E29D1000708BD /* Sources */ = {
			isa = PBXSourcesBuildPhase;
			buildActionMask = 2147483647;
			files = (
				33FEACAD248E29D1000708BD /* SKSugarSwiftExampleUITests.swift in Sources */,
			);
			runOnlyForDeploymentPostprocessing = 0;
		};
/* End PBXSourcesBuildPhase section */

/* Begin PBXTargetDependency section */
		33FEAC9F248E29D1000708BD /* PBXTargetDependency */ = {
			isa = PBXTargetDependency;
			target = 33FEAC86248E29D0000708BD /* SKSugarSwiftExample */;
			targetProxy = 33FEAC9E248E29D1000708BD /* PBXContainerItemProxy */;
		};
		33FEACAA248E29D1000708BD /* PBXTargetDependency */ = {
			isa = PBXTargetDependency;
			target = 33FEAC86248E29D0000708BD /* SKSugarSwiftExample */;
			targetProxy = 33FEACA9248E29D1000708BD /* PBXContainerItemProxy */;
		};
/* End PBXTargetDependency section */

/* Begin PBXVariantGroup section */
		33FEAC90248E29D0000708BD /* Main.storyboard */ = {
			isa = PBXVariantGroup;
			children = (
				33FEAC91248E29D0000708BD /* Base */,
			);
			name = Main.storyboard;
			sourceTree = "<group>";
		};
		33FEAC95248E29D1000708BD /* LaunchScreen.storyboard */ = {
			isa = PBXVariantGroup;
			children = (
				33FEAC96248E29D1000708BD /* Base */,
			);
			name = LaunchScreen.storyboard;
			sourceTree = "<group>";
		};
/* End PBXVariantGroup section */

/* Begin XCBuildConfiguration section */
		33FEACAF248E29D1000708BD /* Debug */ = {
			isa = XCBuildConfiguration;
			buildSettings = {
				ALWAYS_SEARCH_USER_PATHS = NO;
				CLANG_ANALYZER_NONNULL = YES;
				CLANG_ANALYZER_NUMBER_OBJECT_CONVERSION = YES_AGGRESSIVE;
				CLANG_CXX_LANGUAGE_STANDARD = "gnu++14";
				CLANG_CXX_LIBRARY = "libc++";
				CLANG_ENABLE_MODULES = YES;
				CLANG_ENABLE_OBJC_ARC = YES;
				CLANG_ENABLE_OBJC_WEAK = YES;
				CLANG_WARN_BLOCK_CAPTURE_AUTORELEASING = YES;
				CLANG_WARN_BOOL_CONVERSION = YES;
				CLANG_WARN_COMMA = YES;
				CLANG_WARN_CONSTANT_CONVERSION = YES;
				CLANG_WARN_DEPRECATED_OBJC_IMPLEMENTATIONS = YES;
				CLANG_WARN_DIRECT_OBJC_ISA_USAGE = YES_ERROR;
				CLANG_WARN_DOCUMENTATION_COMMENTS = YES;
				CLANG_WARN_EMPTY_BODY = YES;
				CLANG_WARN_ENUM_CONVERSION = YES;
				CLANG_WARN_INFINITE_RECURSION = YES;
				CLANG_WARN_INT_CONVERSION = YES;
				CLANG_WARN_NON_LITERAL_NULL_CONVERSION = YES;
				CLANG_WARN_OBJC_IMPLICIT_RETAIN_SELF = YES;
				CLANG_WARN_OBJC_LITERAL_CONVERSION = YES;
				CLANG_WARN_OBJC_ROOT_CLASS = YES_ERROR;
				CLANG_WARN_RANGE_LOOP_ANALYSIS = YES;
				CLANG_WARN_STRICT_PROTOTYPES = YES;
				CLANG_WARN_SUSPICIOUS_MOVE = YES;
				CLANG_WARN_UNGUARDED_AVAILABILITY = YES_AGGRESSIVE;
				CLANG_WARN_UNREACHABLE_CODE = YES;
				CLANG_WARN__DUPLICATE_METHOD_MATCH = YES;
				COPY_PHASE_STRIP = NO;
				DEBUG_INFORMATION_FORMAT = dwarf;
				ENABLE_STRICT_OBJC_MSGSEND = YES;
				ENABLE_TESTABILITY = YES;
				GCC_C_LANGUAGE_STANDARD = gnu11;
				GCC_DYNAMIC_NO_PIC = NO;
				GCC_NO_COMMON_BLOCKS = YES;
				GCC_OPTIMIZATION_LEVEL = 0;
				GCC_PREPROCESSOR_DEFINITIONS = (
					"DEBUG=1",
					"$(inherited)",
				);
				GCC_WARN_64_TO_32_BIT_CONVERSION = YES;
				GCC_WARN_ABOUT_RETURN_TYPE = YES_ERROR;
				GCC_WARN_UNDECLARED_SELECTOR = YES;
				GCC_WARN_UNINITIALIZED_AUTOS = YES_AGGRESSIVE;
				GCC_WARN_UNUSED_FUNCTION = YES;
				GCC_WARN_UNUSED_VARIABLE = YES;
				IPHONEOS_DEPLOYMENT_TARGET = 13.5;
				MTL_ENABLE_DEBUG_INFO = INCLUDE_SOURCE;
				MTL_FAST_MATH = YES;
				ONLY_ACTIVE_ARCH = YES;
				SDKROOT = iphoneos;
				SWIFT_ACTIVE_COMPILATION_CONDITIONS = DEBUG;
				SWIFT_OPTIMIZATION_LEVEL = "-Onone";
			};
			name = Debug;
		};
		33FEACB0248E29D1000708BD /* Release */ = {
			isa = XCBuildConfiguration;
			buildSettings = {
				ALWAYS_SEARCH_USER_PATHS = NO;
				CLANG_ANALYZER_NONNULL = YES;
				CLANG_ANALYZER_NUMBER_OBJECT_CONVERSION = YES_AGGRESSIVE;
				CLANG_CXX_LANGUAGE_STANDARD = "gnu++14";
				CLANG_CXX_LIBRARY = "libc++";
				CLANG_ENABLE_MODULES = YES;
				CLANG_ENABLE_OBJC_ARC = YES;
				CLANG_ENABLE_OBJC_WEAK = YES;
				CLANG_WARN_BLOCK_CAPTURE_AUTORELEASING = YES;
				CLANG_WARN_BOOL_CONVERSION = YES;
				CLANG_WARN_COMMA = YES;
				CLANG_WARN_CONSTANT_CONVERSION = YES;
				CLANG_WARN_DEPRECATED_OBJC_IMPLEMENTATIONS = YES;
				CLANG_WARN_DIRECT_OBJC_ISA_USAGE = YES_ERROR;
				CLANG_WARN_DOCUMENTATION_COMMENTS = YES;
				CLANG_WARN_EMPTY_BODY = YES;
				CLANG_WARN_ENUM_CONVERSION = YES;
				CLANG_WARN_INFINITE_RECURSION = YES;
				CLANG_WARN_INT_CONVERSION = YES;
				CLANG_WARN_NON_LITERAL_NULL_CONVERSION = YES;
				CLANG_WARN_OBJC_IMPLICIT_RETAIN_SELF = YES;
				CLANG_WARN_OBJC_LITERAL_CONVERSION = YES;
				CLANG_WARN_OBJC_ROOT_CLASS = YES_ERROR;
				CLANG_WARN_RANGE_LOOP_ANALYSIS = YES;
				CLANG_WARN_STRICT_PROTOTYPES = YES;
				CLANG_WARN_SUSPICIOUS_MOVE = YES;
				CLANG_WARN_UNGUARDED_AVAILABILITY = YES_AGGRESSIVE;
				CLANG_WARN_UNREACHABLE_CODE = YES;
				CLANG_WARN__DUPLICATE_METHOD_MATCH = YES;
				COPY_PHASE_STRIP = NO;
				DEBUG_INFORMATION_FORMAT = "dwarf-with-dsym";
				ENABLE_NS_ASSERTIONS = NO;
				ENABLE_STRICT_OBJC_MSGSEND = YES;
				GCC_C_LANGUAGE_STANDARD = gnu11;
				GCC_NO_COMMON_BLOCKS = YES;
				GCC_WARN_64_TO_32_BIT_CONVERSION = YES;
				GCC_WARN_ABOUT_RETURN_TYPE = YES_ERROR;
				GCC_WARN_UNDECLARED_SELECTOR = YES;
				GCC_WARN_UNINITIALIZED_AUTOS = YES_AGGRESSIVE;
				GCC_WARN_UNUSED_FUNCTION = YES;
				GCC_WARN_UNUSED_VARIABLE = YES;
				IPHONEOS_DEPLOYMENT_TARGET = 13.5;
				MTL_ENABLE_DEBUG_INFO = NO;
				MTL_FAST_MATH = YES;
				SDKROOT = iphoneos;
				SWIFT_COMPILATION_MODE = wholemodule;
				SWIFT_OPTIMIZATION_LEVEL = "-O";
				VALIDATE_PRODUCT = YES;
			};
			name = Release;
		};
		33FEACB2248E29D1000708BD /* Debug */ = {
			isa = XCBuildConfiguration;
			baseConfigurationReference = F90C38109189B7646B53FB6A /* Pods-SKSugarSwiftExample.debug.xcconfig */;
			buildSettings = {
				ASSETCATALOG_COMPILER_APPICON_NAME = AppIcon;
				CLANG_ENABLE_MODULES = YES;
				CODE_SIGN_STYLE = Automatic;
				DEVELOPMENT_TEAM = 4JZ9937LUN;
				INFOPLIST_FILE = SKSugarSwiftExample/Info.plist;
				IPHONEOS_DEPLOYMENT_TARGET = 13.0;
				LD_RUNPATH_SEARCH_PATHS = (
					"$(inherited)",
					"@executable_path/Frameworks",
				);
				PRODUCT_BUNDLE_IDENTIFIER = com.sky.SKSugarSwiftExample;
				PRODUCT_NAME = "$(TARGET_NAME)";
				SWIFT_OBJC_BRIDGING_HEADER = "SKSugarSwiftExample/SKSugarSwiftExample-Bridging-Header.h";
				SWIFT_OPTIMIZATION_LEVEL = "-Onone";
				SWIFT_VERSION = 5.0;
				TARGETED_DEVICE_FAMILY = "1,2";
			};
			name = Debug;
		};
		33FEACB3248E29D1000708BD /* Release */ = {
			isa = XCBuildConfiguration;
			baseConfigurationReference = E85BCBEC241B017BC806B8E5 /* Pods-SKSugarSwiftExample.release.xcconfig */;
			buildSettings = {
				ASSETCATALOG_COMPILER_APPICON_NAME = AppIcon;
				CLANG_ENABLE_MODULES = YES;
				CODE_SIGN_STYLE = Automatic;
				DEVELOPMENT_TEAM = 4JZ9937LUN;
				INFOPLIST_FILE = SKSugarSwiftExample/Info.plist;
				IPHONEOS_DEPLOYMENT_TARGET = 13.0;
				LD_RUNPATH_SEARCH_PATHS = (
					"$(inherited)",
					"@executable_path/Frameworks",
				);
				PRODUCT_BUNDLE_IDENTIFIER = com.sky.SKSugarSwiftExample;
				PRODUCT_NAME = "$(TARGET_NAME)";
				SWIFT_OBJC_BRIDGING_HEADER = "SKSugarSwiftExample/SKSugarSwiftExample-Bridging-Header.h";
				SWIFT_VERSION = 5.0;
				TARGETED_DEVICE_FAMILY = "1,2";
			};
			name = Release;
		};
		33FEACB5248E29D1000708BD /* Debug */ = {
			isa = XCBuildConfiguration;
			baseConfigurationReference = FBC4F4DF7213B1671499968D /* Pods-SKSugarSwiftExampleTests.debug.xcconfig */;
			buildSettings = {
				ALWAYS_EMBED_SWIFT_STANDARD_LIBRARIES = YES;
				BUNDLE_LOADER = "$(TEST_HOST)";
				CODE_SIGN_STYLE = Automatic;
				INFOPLIST_FILE = SKSugarSwiftExampleTests/Info.plist;
				IPHONEOS_DEPLOYMENT_TARGET = 13.5;
				LD_RUNPATH_SEARCH_PATHS = (
					"$(inherited)",
					"@executable_path/Frameworks",
					"@loader_path/Frameworks",
				);
				PRODUCT_BUNDLE_IDENTIFIER = com.sky.SKSugarSwiftExampleTests;
				PRODUCT_NAME = "$(TARGET_NAME)";
				SWIFT_VERSION = 5.0;
				TARGETED_DEVICE_FAMILY = "1,2";
				TEST_HOST = "$(BUILT_PRODUCTS_DIR)/SKSugarSwiftExample.app/SKSugarSwiftExample";
			};
			name = Debug;
		};
		33FEACB6248E29D1000708BD /* Release */ = {
			isa = XCBuildConfiguration;
			baseConfigurationReference = 885C4C8B9DC0BD05D1404D8C /* Pods-SKSugarSwiftExampleTests.release.xcconfig */;
			buildSettings = {
				ALWAYS_EMBED_SWIFT_STANDARD_LIBRARIES = YES;
				BUNDLE_LOADER = "$(TEST_HOST)";
				CODE_SIGN_STYLE = Automatic;
				INFOPLIST_FILE = SKSugarSwiftExampleTests/Info.plist;
				IPHONEOS_DEPLOYMENT_TARGET = 13.5;
				LD_RUNPATH_SEARCH_PATHS = (
					"$(inherited)",
					"@executable_path/Frameworks",
					"@loader_path/Frameworks",
				);
				PRODUCT_BUNDLE_IDENTIFIER = com.sky.SKSugarSwiftExampleTests;
				PRODUCT_NAME = "$(TARGET_NAME)";
				SWIFT_VERSION = 5.0;
				TARGETED_DEVICE_FAMILY = "1,2";
				TEST_HOST = "$(BUILT_PRODUCTS_DIR)/SKSugarSwiftExample.app/SKSugarSwiftExample";
			};
			name = Release;
		};
		33FEACB8248E29D1000708BD /* Debug */ = {
			isa = XCBuildConfiguration;
			baseConfigurationReference = F0698CBF79B16322546282DC /* Pods-SKSugarSwiftExample-SKSugarSwiftExampleUITests.debug.xcconfig */;
			buildSettings = {
				ALWAYS_EMBED_SWIFT_STANDARD_LIBRARIES = YES;
				CODE_SIGN_STYLE = Automatic;
				INFOPLIST_FILE = SKSugarSwiftExampleUITests/Info.plist;
				LD_RUNPATH_SEARCH_PATHS = (
					"$(inherited)",
					"@executable_path/Frameworks",
					"@loader_path/Frameworks",
				);
				PRODUCT_BUNDLE_IDENTIFIER = com.sky.SKSugarSwiftExampleUITests;
				PRODUCT_NAME = "$(TARGET_NAME)";
				SWIFT_VERSION = 5.0;
				TARGETED_DEVICE_FAMILY = "1,2";
				TEST_TARGET_NAME = SKSugarSwiftExample;
			};
			name = Debug;
		};
		33FEACB9248E29D1000708BD /* Release */ = {
			isa = XCBuildConfiguration;
			baseConfigurationReference = F9A9A38DBE200E11EC9A735A /* Pods-SKSugarSwiftExample-SKSugarSwiftExampleUITests.release.xcconfig */;
			buildSettings = {
				ALWAYS_EMBED_SWIFT_STANDARD_LIBRARIES = YES;
				CODE_SIGN_STYLE = Automatic;
				INFOPLIST_FILE = SKSugarSwiftExampleUITests/Info.plist;
				LD_RUNPATH_SEARCH_PATHS = (
					"$(inherited)",
					"@executable_path/Frameworks",
					"@loader_path/Frameworks",
				);
				PRODUCT_BUNDLE_IDENTIFIER = com.sky.SKSugarSwiftExampleUITests;
				PRODUCT_NAME = "$(TARGET_NAME)";
				SWIFT_VERSION = 5.0;
				TARGETED_DEVICE_FAMILY = "1,2";
				TEST_TARGET_NAME = SKSugarSwiftExample;
			};
			name = Release;
		};
/* End XCBuildConfiguration section */

/* Begin XCConfigurationList section */
		33FEAC82248E29D0000708BD /* Build configuration list for PBXProject "SKSugarSwiftExample" */ = {
			isa = XCConfigurationList;
			buildConfigurations = (
				33FEACAF248E29D1000708BD /* Debug */,
				33FEACB0248E29D1000708BD /* Release */,
			);
			defaultConfigurationIsVisible = 0;
			defaultConfigurationName = Release;
		};
		33FEACB1248E29D1000708BD /* Build configuration list for PBXNativeTarget "SKSugarSwiftExample" */ = {
			isa = XCConfigurationList;
			buildConfigurations = (
				33FEACB2248E29D1000708BD /* Debug */,
				33FEACB3248E29D1000708BD /* Release */,
			);
			defaultConfigurationIsVisible = 0;
			defaultConfigurationName = Release;
		};
		33FEACB4248E29D1000708BD /* Build configuration list for PBXNativeTarget "SKSugarSwiftExampleTests" */ = {
			isa = XCConfigurationList;
			buildConfigurations = (
				33FEACB5248E29D1000708BD /* Debug */,
				33FEACB6248E29D1000708BD /* Release */,
			);
			defaultConfigurationIsVisible = 0;
			defaultConfigurationName = Release;
		};
		33FEACB7248E29D1000708BD /* Build configuration list for PBXNativeTarget "SKSugarSwiftExampleUITests" */ = {
			isa = XCConfigurationList;
			buildConfigurations = (
				33FEACB8248E29D1000708BD /* Debug */,
				33FEACB9248E29D1000708BD /* Release */,
			);
			defaultConfigurationIsVisible = 0;
			defaultConfigurationName = Release;
		};
/* End XCConfigurationList section */
	};
	rootObject = 33FEAC7F248E29D0000708BD /* Project object */;
}
